
Microsoft Visual Studio Solution File, Format Version 12.00
# Visual Studio Version 16
VisualStudioVersion = 16.0.29613.14
MinimumVisualStudioVersion = 10.0.40219.1
Project("{9A19103F-16F7-4668-BE54-9A1E7A4F7556}") = "ShUtilities", "ShUtilities.csproj", "{70C21A94-2767-4131-8E74-929D50F9F45F}"
EndProject
Project("{9A19103F-16F7-4668-BE54-9A1E7A4F7556}") = "ShUtilitiesTest", "ShUtilitiesTest\ShUtilitiesTest.csproj", "{9CC16E30-45A6-4C82-A599-832A20EDA73D}"
	ProjectSection(ProjectDependencies) = postProject
		{70C21A94-2767-4131-8E74-929D50F9F45F} = {70C21A94-2767-4131-8E74-929D50F9F45F}
	EndProjectSection
EndProject
Global
	GlobalSection(SolutionConfigurationPlatforms) = preSolution
		Debug|Any CPU = Debug|Any CPU
		Release|Any CPU = Release|Any CPU
	EndGlobalSection
	GlobalSection(ProjectConfigurationPlatforms) = postSolution
		{70C21A94-2767-4131-8E74-929D50F9F45F}.Debug|Any CPU.ActiveCfg = Debug|Any CPU
		{70C21A94-2767-4131-8E74-929D50F9F45F}.Debug|Any CPU.Build.0 = Debug|Any CPU
		{70C21A94-2767-4131-8E74-929D50F9F45F}.Release|Any CPU.ActiveCfg = Release|Any CPU
		{70C21A94-2767-4131-8E74-929D50F9F45F}.Release|Any CPU.Build.0 = Release|Any CPU
		{9CC16E30-45A6-4C82-A599-832A20EDA73D}.Debug|Any CPU.ActiveCfg = Debug|Any CPU
		{9CC16E30-45A6-4C82-A599-832A20EDA73D}.Debug|Any CPU.Build.0 = Debug|Any CPU
		{9CC16E30-45A6-4C82-A599-832A20EDA73D}.Release|Any CPU.ActiveCfg = Release|Any CPU
		{9CC16E30-45A6-4C82-A599-832A20EDA73D}.Release|Any CPU.Build.0 = Release|Any CPU
	EndGlobalSection
	GlobalSection(SolutionProperties) = preSolution
		HideSolutionNode = FALSE
	EndGlobalSection
	GlobalSection(ExtensibilityGlobals) = postSolution
		SolutionGuid = {17DBD1D9-B92E-404B-88AB-D36CD04419E5}
	EndGlobalSection
EndGlobal
